
Microsoft Visual Studio Solution File, Format Version 12.00
# Visual Studio 2013
VisualStudioVersion = 12.0.21005.1
MinimumVisualStudioVersion = 10.0.40219.1
Project("{2150E333-8FDC-42A3-9474-1A3956D46DE8}") = "Core", "Core", "{1E537E33-81FF-4215-9991-29936D51EE80}"
EndProject
Project("{FAE04EC0-301F-11D3-BF4B-00C04F79EFBC}") = "Framework", "Framework\Framework.csproj", "{82B121A4-420C-4051-80F4-F4DDD377BE30}"
EndProject
Project("{FAE04EC0-301F-11D3-BF4B-00C04F79EFBC}") = "Manage", "Manage\Manage.csproj", "{0E84F530-A201-40EB-B7FC-8BCA4F087769}"
EndProject
Project("{FAE04EC0-301F-11D3-BF4B-00C04F79EFBC}") = "Auth", "Auth\Auth.csproj", "{FC5F00CC-E3A5-46F7-979D-5C24B92E764E}"
EndProject
Project("{FAE04EC0-301F-11D3-BF4B-00C04F79EFBC}") = "Events", "Events\Events.csproj", "{719D9BD7-2DD3-4181-B0BD-8845D73F2204}"
EndProject
Project("{FAE04EC0-301F-11D3-BF4B-00C04F79EFBC}") = "MSMQ", "MSMQ\MSMQ.csproj", "{BED951B8-AAAE-4814-B881-43A7F4DA5DC2}"
EndProject
Project("{FAE04EC0-301F-11D3-BF4B-00C04F79EFBC}") = "DZ.Model", "DZ.Model\DZ.Model.csproj", "{C57B2F77-8536-40A7-9A38-48CB84661DBB}"
EndProject
Global
	GlobalSection(SolutionConfigurationPlatforms) = preSolution
		Debug|Any CPU = Debug|Any CPU
		Release|Any CPU = Release|Any CPU
	EndGlobalSection
	GlobalSection(ProjectConfigurationPlatforms) = postSolution
		{82B121A4-420C-4051-80F4-F4DDD377BE30}.Debug|Any CPU.ActiveCfg = Debug|Any CPU
		{82B121A4-420C-4051-80F4-F4DDD377BE30}.Debug|Any CPU.Build.0 = Debug|Any CPU
		{82B121A4-420C-4051-80F4-F4DDD377BE30}.Release|Any CPU.ActiveCfg = Release|Any CPU
		{82B121A4-420C-4051-80F4-F4DDD377BE30}.Release|Any CPU.Build.0 = Release|Any CPU
		{0E84F530-A201-40EB-B7FC-8BCA4F087769}.Debug|Any CPU.ActiveCfg = Debug|Any CPU
		{0E84F530-A201-40EB-B7FC-8BCA4F087769}.Debug|Any CPU.Build.0 = Debug|Any CPU
		{0E84F530-A201-40EB-B7FC-8BCA4F087769}.Release|Any CPU.ActiveCfg = Release|Any CPU
		{0E84F530-A201-40EB-B7FC-8BCA4F087769}.Release|Any CPU.Build.0 = Release|Any CPU
		{FC5F00CC-E3A5-46F7-979D-5C24B92E764E}.Debug|Any CPU.ActiveCfg = Debug|Any CPU
		{FC5F00CC-E3A5-46F7-979D-5C24B92E764E}.Debug|Any CPU.Build.0 = Debug|Any CPU
		{FC5F00CC-E3A5-46F7-979D-5C24B92E764E}.Release|Any CPU.ActiveCfg = Release|Any CPU
		{FC5F00CC-E3A5-46F7-979D-5C24B92E764E}.Release|Any CPU.Build.0 = Release|Any CPU
		{719D9BD7-2DD3-4181-B0BD-8845D73F2204}.Debug|Any CPU.ActiveCfg = Debug|Any CPU
		{719D9BD7-2DD3-4181-B0BD-8845D73F2204}.Debug|Any CPU.Build.0 = Debug|Any CPU
		{719D9BD7-2DD3-4181-B0BD-8845D73F2204}.Release|Any CPU.ActiveCfg = Release|Any CPU
		{719D9BD7-2DD3-4181-B0BD-8845D73F2204}.Release|Any CPU.Build.0 = Release|Any CPU
		{BED951B8-AAAE-4814-B881-43A7F4DA5DC2}.Debug|Any CPU.ActiveCfg = Debug|Any CPU
		{BED951B8-AAAE-4814-B881-43A7F4DA5DC2}.Debug|Any CPU.Build.0 = Debug|Any CPU
		{BED951B8-AAAE-4814-B881-43A7F4DA5DC2}.Release|Any CPU.ActiveCfg = Release|Any CPU
		{BED951B8-AAAE-4814-B881-43A7F4DA5DC2}.Release|Any CPU.Build.0 = Release|Any CPU
		{C57B2F77-8536-40A7-9A38-48CB84661DBB}.Debug|Any CPU.ActiveCfg = Debug|Any CPU
		{C57B2F77-8536-40A7-9A38-48CB84661DBB}.Debug|Any CPU.Build.0 = Debug|Any CPU
		{C57B2F77-8536-40A7-9A38-48CB84661DBB}.Release|Any CPU.ActiveCfg = Release|Any CPU
		{C57B2F77-8536-40A7-9A38-48CB84661DBB}.Release|Any CPU.Build.0 = Release|Any CPU
	EndGlobalSection
	GlobalSection(SolutionProperties) = preSolution
		HideSolutionNode = FALSE
	EndGlobalSection
	GlobalSection(NestedProjects) = preSolution
		{82B121A4-420C-4051-80F4-F4DDD377BE30} = {1E537E33-81FF-4215-9991-29936D51EE80}
		{719D9BD7-2DD3-4181-B0BD-8845D73F2204} = {1E537E33-81FF-4215-9991-29936D51EE80}
		{BED951B8-AAAE-4814-B881-43A7F4DA5DC2} = {1E537E33-81FF-4215-9991-29936D51EE80}
		{C57B2F77-8536-40A7-9A38-48CB84661DBB} = {1E537E33-81FF-4215-9991-29936D51EE80}
	EndGlobalSection
EndGlobal
